
Microsoft Visual Studio Solution File, Format Version 12.00
# Visual Studio Version 16
VisualStudioVersion = 16.0.29306.81
MinimumVisualStudioVersion = 10.0.40219.1
Project("{FAE04EC0-301F-11D3-BF4B-00C04F79EFBC}") = "CriticalSection", "CriticalSection\CriticalSection.csproj", "{584E3966-4C44-4261-BB5D-71A3441278A4}"
EndProject
Project("{FAE04EC0-301F-11D3-BF4B-00C04F79EFBC}") = "InterLockedOperations", "InterLockedOperations\InterLockedOperations.csproj", "{A7B8EEFC-8FF0-43ED-AC67-65B5DF8D8837}"
EndProject
Project("{FAE04EC0-301F-11D3-BF4B-00C04F79EFBC}") = "SpinLockingAndRecursion", "SpinLockingAndRecursion\SpinLockingAndRecursion.csproj", "{50555186-3882-41DB-8077-D44E3FA5AC0F}"
EndProject
Global
	GlobalSection(SolutionConfigurationPlatforms) = preSolution
		Debug|Any CPU = Debug|Any CPU
		Release|Any CPU = Release|Any CPU
	EndGlobalSection
	GlobalSection(ProjectConfigurationPlatforms) = postSolution
		{584E3966-4C44-4261-BB5D-71A3441278A4}.Debug|Any CPU.ActiveCfg = Debug|Any CPU
		{584E3966-4C44-4261-BB5D-71A3441278A4}.Debug|Any CPU.Build.0 = Debug|Any CPU
		{584E3966-4C44-4261-BB5D-71A3441278A4}.Release|Any CPU.ActiveCfg = Release|Any CPU
		{584E3966-4C44-4261-BB5D-71A3441278A4}.Release|Any CPU.Build.0 = Release|Any CPU
		{A7B8EEFC-8FF0-43ED-AC67-65B5DF8D8837}.Debug|Any CPU.ActiveCfg = Debug|Any CPU
		{A7B8EEFC-8FF0-43ED-AC67-65B5DF8D8837}.Debug|Any CPU.Build.0 = Debug|Any CPU
		{A7B8EEFC-8FF0-43ED-AC67-65B5DF8D8837}.Release|Any CPU.ActiveCfg = Release|Any CPU
		{A7B8EEFC-8FF0-43ED-AC67-65B5DF8D8837}.Release|Any CPU.Build.0 = Release|Any CPU
		{50555186-3882-41DB-8077-D44E3FA5AC0F}.Debug|Any CPU.ActiveCfg = Debug|Any CPU
		{50555186-3882-41DB-8077-D44E3FA5AC0F}.Debug|Any CPU.Build.0 = Debug|Any CPU
		{50555186-3882-41DB-8077-D44E3FA5AC0F}.Release|Any CPU.ActiveCfg = Release|Any CPU
		{50555186-3882-41DB-8077-D44E3FA5AC0F}.Release|Any CPU.Build.0 = Release|Any CPU
	EndGlobalSection
	GlobalSection(SolutionProperties) = preSolution
		HideSolutionNode = FALSE
	EndGlobalSection
	GlobalSection(ExtensibilityGlobals) = postSolution
		SolutionGuid = {EB1BEB08-1A3E-4A46-B080-147333E79A4A}
	EndGlobalSection
EndGlobal
